Microsoft Visual Studio Solution File, Format Version 9.00
# Visual Studio 2005
Project("{FAE04EC0-301F-11D3-BF4B-00C04F79EFBC}") = "Herbert", "Herbert.csproj", "{A86D4A24-511E-4784-858F-55E25AF8D4F2}"
EndProject
Project("{FAE04EC0-301F-11D3-BF4B-00C04F79EFBC}") = "HInterpreter", "HInterpreter\HInterpreter\HInterpreter.csproj", "{DFDABB8E-96C1-43E2-BD92-42BADA4F7D83}"
EndProject
Global
	GlobalSection(SourceCodeControl) = preSolution
		SccNumberOfProjects = 3
		SccProjectName0 = $/Herbert2005/Herbert
		SccLocalPath0 = .
		SccProvider0 = MSSCCI:Team\u0020Foundation\u0020Server\u0020MSSCCI\u0020Provider
		SccProjectUniqueName1 = Herbert.csproj
		SccLocalPath1 = .
		SccProjectUniqueName2 = HInterpreter\\HInterpreter\\HInterpreter.csproj
		SccLocalPath2 = .
		SccProjectFilePathRelativizedFromConnection2 = HInterpreter\\HInterpreter\\
	EndGlobalSection
	GlobalSection(SolutionConfigurationPlatforms) = preSolution
		Debug|Any CPU = Debug|Any CPU
		Release|Any CPU = Release|Any CPU
	EndGlobalSection
	GlobalSection(ProjectConfigurationPlatforms) = postSolution
		{A86D4A24-511E-4784-858F-55E25AF8D4F2}.Debug|Any CPU.ActiveCfg = Debug|Any CPU
		{A86D4A24-511E-4784-858F-55E25AF8D4F2}.Debug|Any CPU.Build.0 = Debug|Any CPU
		{A86D4A24-511E-4784-858F-55E25AF8D4F2}.Release|Any CPU.ActiveCfg = Release|Any CPU
		{A86D4A24-511E-4784-858F-55E25AF8D4F2}.Release|Any CPU.Build.0 = Release|Any CPU
		{DFDABB8E-96C1-43E2-BD92-42BADA4F7D83}.Debug|Any CPU.ActiveCfg = Debug|Any CPU
		{DFDABB8E-96C1-43E2-BD92-42BADA4F7D83}.Debug|Any CPU.Build.0 = Debug|Any CPU
		{DFDABB8E-96C1-43E2-BD92-42BADA4F7D83}.Release|Any CPU.ActiveCfg = Release|Any CPU
		{DFDABB8E-96C1-43E2-BD92-42BADA4F7D83}.Release|Any CPU.Build.0 = Release|Any CPU
	EndGlobalSection
	GlobalSection(SolutionProperties) = preSolution
		HideSolutionNode = FALSE
	EndGlobalSection
EndGlobal
